
Microsoft Visual Studio Solution File, Format Version 12.00
# Visual Studio Version 17
VisualStudioVersion = 17.0.31919.166
MinimumVisualStudioVersion = 10.0.40219.1
Project("{9A19103F-16F7-4668-BE54-9A1E7A4F7556}") = "WeCare", "WeCare\WeCare.csproj", "{36B470BD-C3FA-4A86-A56C-70F5FF03EB59}"
EndProject
Project("{9A19103F-16F7-4668-BE54-9A1E7A4F7556}") = "DataAccsess Layer", "DataAccsess Layer\DataAccsess Layer.csproj", "{85944CD7-092B-4892-A123-44F77EDD737F}"
EndProject
Project("{FAE04EC0-301F-11D3-BF4B-00C04F79EFBC}") = "bussinesslayer", "bussinesslayer\bussinesslayer.csproj", "{CD0C7BDF-CB0F-43E0-8ACD-B2B154A5FD36}"
EndProject
Global
	GlobalSection(SolutionConfigurationPlatforms) = preSolution
		Debug|Any CPU = Debug|Any CPU
		Release|Any CPU = Release|Any CPU
	EndGlobalSection
	GlobalSection(ProjectConfigurationPlatforms) = postSolution
		{36B470BD-C3FA-4A86-A56C-70F5FF03EB59}.Debug|Any CPU.ActiveCfg = Debug|Any CPU
		{36B470BD-C3FA-4A86-A56C-70F5FF03EB59}.Debug|Any CPU.Build.0 = Debug|Any CPU
		{36B470BD-C3FA-4A86-A56C-70F5FF03EB59}.Release|Any CPU.ActiveCfg = Release|Any CPU
		{36B470BD-C3FA-4A86-A56C-70F5FF03EB59}.Release|Any CPU.Build.0 = Release|Any CPU
		{85944CD7-092B-4892-A123-44F77EDD737F}.Debug|Any CPU.ActiveCfg = Debug|Any CPU
		{85944CD7-092B-4892-A123-44F77EDD737F}.Debug|Any CPU.Build.0 = Debug|Any CPU
		{85944CD7-092B-4892-A123-44F77EDD737F}.Release|Any CPU.ActiveCfg = Release|Any CPU
		{85944CD7-092B-4892-A123-44F77EDD737F}.Release|Any CPU.Build.0 = Release|Any CPU
		{CD0C7BDF-CB0F-43E0-8ACD-B2B154A5FD36}.Debug|Any CPU.ActiveCfg = Debug|Any CPU
		{CD0C7BDF-CB0F-43E0-8ACD-B2B154A5FD36}.Debug|Any CPU.Build.0 = Debug|Any CPU
		{CD0C7BDF-CB0F-43E0-8ACD-B2B154A5FD36}.Release|Any CPU.ActiveCfg = Release|Any CPU
		{CD0C7BDF-CB0F-43E0-8ACD-B2B154A5FD36}.Release|Any CPU.Build.0 = Release|Any CPU
	EndGlobalSection
	GlobalSection(SolutionProperties) = preSolution
		HideSolutionNode = FALSE
	EndGlobalSection
	GlobalSection(ExtensibilityGlobals) = postSolution
		SolutionGuid = {992A46AD-BEC8-4AAE-8633-C152396311D7}
	EndGlobalSection
EndGlobal
